
Microsoft Visual Studio Solution File, Format Version 12.00
Project("{2150E333-8FDC-42A3-9474-1A3956D46DE8}") = "src", "src", "{FE4FF11C-3A33-49A6-822E-DB04FEA70DDE}"
EndProject
Project("{FAE04EC0-301F-11D3-BF4B-00C04F79EFBC}") = "Infrastructure", "src\Infrastructure\Infrastructure.csproj", "{70507A73-EFDE-4085-98A7-87913C1D663C}"
EndProject
Project("{FAE04EC0-301F-11D3-BF4B-00C04F79EFBC}") = "Domain", "src\Domain\Domain.csproj", "{DE782D31-099B-43CC-A846-34106C399D12}"
EndProject
Project("{FAE04EC0-301F-11D3-BF4B-00C04F79EFBC}") = "Application", "src\Application\Application.csproj", "{776596BB-BCFD-4497-9BBF-775782723A63}"
EndProject
Project("{FAE04EC0-301F-11D3-BF4B-00C04F79EFBC}") = "WebApi", "src\WebApi\WebApi.csproj", "{CE67F6C5-38C1-49A1-A659-ADBF8183E944}"
EndProject
Global
	GlobalSection(SolutionConfigurationPlatforms) = preSolution
		Debug|Any CPU = Debug|Any CPU
		Release|Any CPU = Release|Any CPU
	EndGlobalSection
	GlobalSection(ProjectConfigurationPlatforms) = postSolution
		{70507A73-EFDE-4085-98A7-87913C1D663C}.Debug|Any CPU.ActiveCfg = Debug|Any CPU
		{70507A73-EFDE-4085-98A7-87913C1D663C}.Debug|Any CPU.Build.0 = Debug|Any CPU
		{70507A73-EFDE-4085-98A7-87913C1D663C}.Release|Any CPU.ActiveCfg = Release|Any CPU
		{70507A73-EFDE-4085-98A7-87913C1D663C}.Release|Any CPU.Build.0 = Release|Any CPU
		{DE782D31-099B-43CC-A846-34106C399D12}.Debug|Any CPU.ActiveCfg = Debug|Any CPU
		{DE782D31-099B-43CC-A846-34106C399D12}.Debug|Any CPU.Build.0 = Debug|Any CPU
		{DE782D31-099B-43CC-A846-34106C399D12}.Release|Any CPU.ActiveCfg = Release|Any CPU
		{DE782D31-099B-43CC-A846-34106C399D12}.Release|Any CPU.Build.0 = Release|Any CPU
		{776596BB-BCFD-4497-9BBF-775782723A63}.Debug|Any CPU.ActiveCfg = Debug|Any CPU
		{776596BB-BCFD-4497-9BBF-775782723A63}.Debug|Any CPU.Build.0 = Debug|Any CPU
		{776596BB-BCFD-4497-9BBF-775782723A63}.Release|Any CPU.ActiveCfg = Release|Any CPU
		{776596BB-BCFD-4497-9BBF-775782723A63}.Release|Any CPU.Build.0 = Release|Any CPU
		{CE67F6C5-38C1-49A1-A659-ADBF8183E944}.Debug|Any CPU.ActiveCfg = Debug|Any CPU
		{CE67F6C5-38C1-49A1-A659-ADBF8183E944}.Debug|Any CPU.Build.0 = Debug|Any CPU
		{CE67F6C5-38C1-49A1-A659-ADBF8183E944}.Release|Any CPU.ActiveCfg = Release|Any CPU
		{CE67F6C5-38C1-49A1-A659-ADBF8183E944}.Release|Any CPU.Build.0 = Release|Any CPU
	EndGlobalSection
	GlobalSection(NestedProjects) = preSolution
		{70507A73-EFDE-4085-98A7-87913C1D663C} = {FE4FF11C-3A33-49A6-822E-DB04FEA70DDE}
		{DE782D31-099B-43CC-A846-34106C399D12} = {FE4FF11C-3A33-49A6-822E-DB04FEA70DDE}
		{776596BB-BCFD-4497-9BBF-775782723A63} = {FE4FF11C-3A33-49A6-822E-DB04FEA70DDE}
		{CE67F6C5-38C1-49A1-A659-ADBF8183E944} = {FE4FF11C-3A33-49A6-822E-DB04FEA70DDE}
	EndGlobalSection
EndGlobal
